// !$*UTF8*$!
{
	archiveVersion = 1;
	classes = {
	};
	objectVersion = 50;
	objects = {

/* Begin PBXBuildFile section */
		2449275842A5C5B6B384CCB4 /* Pods_FIT5140_assignment1Tests.framework in Frameworks */ = {isa = PBXBuildFile; fileRef = CA8B535E5EAACDAE4B6626DA /* Pods_FIT5140_assignment1Tests.framework */; };
		5963ED5A211D901B0050A6F9 /* AppDelegate.swift in Sources */ = {isa = PBXBuildFile; fileRef = 5963ED59211D901B0050A6F9 /* AppDelegate.swift */; };
		5963ED5C211D901B0050A6F9 /* ViewController.swift in Sources */ = {isa = PBXBuildFile; fileRef = 5963ED5B211D901B0050A6F9 /* ViewController.swift */; };
		5963ED5F211D901B0050A6F9 /* Main.storyboard in Resources */ = {isa = PBXBuildFile; fileRef = 5963ED5D211D901B0050A6F9 /* Main.storyboard */; };
		5963ED62211D901B0050A6F9 /* FIT5140_assignment1.xcdatamodeld in Sources */ = {isa = PBXBuildFile; fileRef = 5963ED60211D901B0050A6F9 /* FIT5140_assignment1.xcdatamodeld */; };
		5963ED64211D90200050A6F9 /* Assets.xcassets in Resources */ = {isa = PBXBuildFile; fileRef = 5963ED63211D90200050A6F9 /* Assets.xcassets */; };
		5963ED67211D90200050A6F9 /* LaunchScreen.storyboard in Resources */ = {isa = PBXBuildFile; fileRef = 5963ED65211D90200050A6F9 /* LaunchScreen.storyboard */; };
		5963ED72211D90200050A6F9 /* FIT5140_assignment1Tests.swift in Sources */ = {isa = PBXBuildFile; fileRef = 5963ED71211D90200050A6F9 /* FIT5140_assignment1Tests.swift */; };
		5963ED7D211D90200050A6F9 /* FIT5140_assignment1UITests.swift in Sources */ = {isa = PBXBuildFile; fileRef = 5963ED7C211D90200050A6F9 /* FIT5140_assignment1UITests.swift */; };
		5963ED99212FA8D40050A6F9 /* CoreData.framework in Frameworks */ = {isa = PBXBuildFile; fileRef = 5963ED98212FA8D40050A6F9 /* CoreData.framework */; };
		5963ED9F212FF4B30050A6F9 /* LocationListController.swift in Sources */ = {isa = PBXBuildFile; fileRef = 5963ED9E212FF4B30050A6F9 /* LocationListController.swift */; };
		5963EDA1212FF4F00050A6F9 /* NewLocationController.swift in Sources */ = {isa = PBXBuildFile; fileRef = 5963EDA0212FF4F00050A6F9 /* NewLocationController.swift */; };
		5963EDA3212FF5290050A6F9 /* MapViewController.swift in Sources */ = {isa = PBXBuildFile; fileRef = 5963EDA2212FF5290050A6F9 /* MapViewController.swift */; };
		5963EDA5212FF58A0050A6F9 /* FencedAnnotation.swift in Sources */ = {isa = PBXBuildFile; fileRef = 5963EDA4212FF58A0050A6F9 /* FencedAnnotation.swift */; };
		5963EDA821380DAE0050A6F9 /* Animal+CoreDataClass.swift in Sources */ = {isa = PBXBuildFile; fileRef = 5963EDA621380DAE0050A6F9 /* Animal+CoreDataClass.swift */; };
		5963EDA921380DAE0050A6F9 /* Animal+CoreDataProperties.swift in Sources */ = {isa = PBXBuildFile; fileRef = 5963EDA721380DAE0050A6F9 /* Animal+CoreDataProperties.swift */; };
		9F5735F33296736187B7C171 /* Pods_FIT5140_assignment1.framework in Frameworks */ = {isa = PBXBuildFile; fileRef = 2C067F52E23493DBFBBE3FE2 /* Pods_FIT5140_assignment1.framework */; };
		D1BFBC03544CFACF7EDB3232 /* Pods_FIT5140_assignment1UITests.framework in Frameworks */ = {isa = PBXBuildFile; fileRef = 2336CCC7A6EA5925CA287B60 /* Pods_FIT5140_assignment1UITests.framework */; };
/* End PBXBuildFile section */

/* Begin PBXContainerItemProxy section */
		5963ED6E211D90200050A6F9 /* PBXContainerItemProxy */ = {
			isa = PBXContainerItemProxy;
			containerPortal = 5963ED4E211D901B0050A6F9 /* Project object */;
			proxyType = 1;
			remoteGlobalIDString = 5963ED55211D901B0050A6F9;
			remoteInfo = "FIT5140-assignment1";
		};
		5963ED79211D90200050A6F9 /* PBXContainerItemProxy */ = {
			isa = PBXContainerItemProxy;
			containerPortal = 5963ED4E211D901B0050A6F9 /* Project object */;
			proxyType = 1;
			remoteGlobalIDString = 5963ED55211D901B0050A6F9;
			remoteInfo = "FIT5140-assignment1";
		};
/* End PBXContainerItemProxy section */

/* Begin PBXFileReference section */
		02F972432E7C9A4960848A26 /* Pods-FIT5140-assignment1UITests.debug.xcconfig */ = {isa = PBXFileReference; includeInIndex = 1; lastKnownFileType = text.xcconfig; name = "Pods-FIT5140-assignment1UITests.debug.xcconfig"; path = "Pods/Target Support Files/Pods-FIT5140-assignment1UITests/Pods-FIT5140-assignment1UITests.debug.xcconfig"; sourceTree = "<group>"; };
		2336CCC7A6EA5925CA287B60 /* Pods_FIT5140_assignment1UITests.framework */ = {isa = PBXFileReference; explicitFileType = wrapper.framework; includeInIndex = 0; path = Pods_FIT5140_assignment1UITests.framework; sourceTree = BUILT_PRODUCTS_DIR; };
		2C067F52E23493DBFBBE3FE2 /* Pods_FIT5140_assignment1.framework */ = {isa = PBXFileReference; explicitFileType = wrapper.framework; includeInIndex = 0; path = Pods_FIT5140_assignment1.framework; sourceTree = BUILT_PRODUCTS_DIR; };
		51EEC69DEE5529CC0C950EE2 /* Pods-FIT5140-assignment1.release.xcconfig */ = {isa = PBXFileReference; includeInIndex = 1; lastKnownFileType = text.xcconfig; name = "Pods-FIT5140-assignment1.release.xcconfig"; path = "Pods/Target Support Files/Pods-FIT5140-assignment1/Pods-FIT5140-assignment1.release.xcconfig"; sourceTree = "<group>"; };
		5963ED56211D901B0050A6F9 /* FIT5140-assignment1.app */ = {isa = PBXFileReference; explicitFileType = wrapper.application; includeInIndex = 0; path = "FIT5140-assignment1.app"; sourceTree = BUILT_PRODUCTS_DIR; };
		5963ED59211D901B0050A6F9 /* AppDelegate.swift */ = {isa = PBXFileReference; lastKnownFileType = sourcecode.swift; path = AppDelegate.swift; sourceTree = "<group>"; };
		5963ED5B211D901B0050A6F9 /* ViewController.swift */ = {isa = PBXFileReference; lastKnownFileType = sourcecode.swift; path = ViewController.swift; sourceTree = "<group>"; };
		5963ED5E211D901B0050A6F9 /* Base */ = {isa = PBXFileReference; lastKnownFileType = file.storyboard; name = Base; path = Base.lproj/Main.storyboard; sourceTree = "<group>"; };
		5963ED61211D901B0050A6F9 /* FIT5140_assignment1.xcdatamodel */ = {isa = PBXFileReference; lastKnownFileType = wrapper.xcdatamodel; path = FIT5140_assignment1.xcdatamodel; sourceTree = "<group>"; };
		5963ED63211D90200050A6F9 /* Assets.xcassets */ = {isa = PBXFileReference; lastKnownFileType = folder.assetcatalog; path = Assets.xcassets; sourceTree = "<group>"; };
		5963ED66211D90200050A6F9 /* Base */ = {isa = PBXFileReference; lastKnownFileType = file.storyboard; name = Base; path = Base.lproj/LaunchScreen.storyboard; sourceTree = "<group>"; };
		5963ED68211D90200050A6F9 /* Info.plist */ = {isa = PBXFileReference; lastKnownFileType = text.plist.xml; path = Info.plist; sourceTree = "<group>"; };
		5963ED6D211D90200050A6F9 /* FIT5140-assignment1Tests.xctest */ = {isa = PBXFileReference; explicitFileType = wrapper.cfbundle; includeInIndex = 0; path = "FIT5140-assignment1Tests.xctest"; sourceTree = BUILT_PRODUCTS_DIR; };
		5963ED71211D90200050A6F9 /* FIT5140_assignment1Tests.swift */ = {isa = PBXFileReference; lastKnownFileType = sourcecode.swift; path = FIT5140_assignment1Tests.swift; sourceTree = "<group>"; };
		5963ED73211D90200050A6F9 /* Info.plist */ = {isa = PBXFileReference; lastKnownFileType = text.plist.xml; path = Info.plist; sourceTree = "<group>"; };
		5963ED78211D90200050A6F9 /* FIT5140-assignment1UITests.xctest */ = {isa = PBXFileReference; explicitFileType = wrapper.cfbundle; includeInIndex = 0; path = "FIT5140-assignment1UITests.xctest"; sourceTree = BUILT_PRODUCTS_DIR; };
		5963ED7C211D90200050A6F9 /* FIT5140_assignment1UITests.swift */ = {isa = PBXFileReference; lastKnownFileType = sourcecode.swift; path = FIT5140_assignment1UITests.swift; sourceTree = "<group>"; };
		5963ED7E211D90200050A6F9 /* Info.plist */ = {isa = PBXFileReference; lastKnownFileType = text.plist.xml; path = Info.plist; sourceTree = "<group>"; };
		5963ED98212FA8D40050A6F9 /* CoreData.framework */ = {isa = PBXFileReference; lastKnownFileType = wrapper.framework; name = CoreData.framework; path = System/Library/Frameworks/CoreData.framework; sourceTree = SDKROOT; };
		5963ED9E212FF4B30050A6F9 /* LocationListController.swift */ = {isa = PBXFileReference; lastKnownFileType = sourcecode.swift; path = LocationListController.swift; sourceTree = "<group>"; };
		5963EDA0212FF4F00050A6F9 /* NewLocationController.swift */ = {isa = PBXFileReference; lastKnownFileType = sourcecode.swift; path = NewLocationController.swift; sourceTree = "<group>"; };
		5963EDA2212FF5290050A6F9 /* MapViewController.swift */ = {isa = PBXFileReference; lastKnownFileType = sourcecode.swift; path = MapViewController.swift; sourceTree = "<group>"; };
		5963EDA4212FF58A0050A6F9 /* FencedAnnotation.swift */ = {isa = PBXFileReference; lastKnownFileType = sourcecode.swift; path = FencedAnnotation.swift; sourceTree = "<group>"; };
		5963EDA621380DAE0050A6F9 /* Animal+CoreDataClass.swift */ = {isa = PBXFileReference; lastKnownFileType = sourcecode.swift; path = "Animal+CoreDataClass.swift"; sourceTree = "<group>"; };
		5963EDA721380DAE0050A6F9 /* Animal+CoreDataProperties.swift */ = {isa = PBXFileReference; lastKnownFileType = sourcecode.swift; path = "Animal+CoreDataProperties.swift"; sourceTree = "<group>"; };
		5CAD7416AE2DE7BC2AD6D7A7 /* Pods-FIT5140-assignment1Tests.release.xcconfig */ = {isa = PBXFileReference; includeInIndex = 1; lastKnownFileType = text.xcconfig; name = "Pods-FIT5140-assignment1Tests.release.xcconfig"; path = "Pods/Target Support Files/Pods-FIT5140-assignment1Tests/Pods-FIT5140-assignment1Tests.release.xcconfig"; sourceTree = "<group>"; };
		93675920A01FED1BEF6753CF /* Pods-FIT5140-assignment1UITests.release.xcconfig */ = {isa = PBXFileReference; includeInIndex = 1; lastKnownFileType = text.xcconfig; name = "Pods-FIT5140-assignment1UITests.release.xcconfig"; path = "Pods/Target Support Files/Pods-FIT5140-assignment1UITests/Pods-FIT5140-assignment1UITests.release.xcconfig"; sourceTree = "<group>"; };
		9F03B8CB6F1CBFB4ADAC56FF /* Pods-FIT5140-assignment1Tests.debug.xcconfig */ = {isa = PBXFileReference; includeInIndex = 1; lastKnownFileType = text.xcconfig; name = "Pods-FIT5140-assignment1Tests.debug.xcconfig"; path = "Pods/Target Support Files/Pods-FIT5140-assignment1Tests/Pods-FIT5140-assignment1Tests.debug.xcconfig"; sourceTree = "<group>"; };
		CA8B535E5EAACDAE4B6626DA /* Pods_FIT5140_assignment1Tests.framework */ = {isa = PBXFileReference; explicitFileType = wrapper.framework; includeInIndex = 0; path = Pods_FIT5140_assignment1Tests.framework; sourceTree = BUILT_PRODUCTS_DIR; };
		F3FC9BB88199F7ECFF5E0D44 /* Pods-FIT5140-assignment1.debug.xcconfig */ = {isa = PBXFileReference; includeInIndex = 1; lastKnownFileType = text.xcconfig; name = "Pods-FIT5140-assignment1.debug.xcconfig"; path = "Pods/Target Support Files/Pods-FIT5140-assignment1/Pods-FIT5140-assignment1.debug.xcconfig"; sourceTree = "<group>"; };
/* End PBXFileReference section */

/* Begin PBXFrameworksBuildPhase section */
		5963ED53211D901B0050A6F9 /* Frameworks */ = {
			isa = PBXFrameworksBuildPhase;
			buildActionMask = 2147483647;
			files = (
				5963ED99212FA8D40050A6F9 /* CoreData.framework in Frameworks */,
				9F5735F33296736187B7C171 /* Pods_FIT5140_assignment1.framework in Frameworks */,
			);
			runOnlyForDeploymentPostprocessing = 0;
		};
		5963ED6A211D90200050A6F9 /* Frameworks */ = {
			isa = PBXFrameworksBuildPhase;
			buildActionMask = 2147483647;
			files = (
				2449275842A5C5B6B384CCB4 /* Pods_FIT5140_assignment1Tests.framework in Frameworks */,
			);
			runOnlyForDeploymentPostprocessing = 0;
		};
		5963ED75211D90200050A6F9 /* Frameworks */ = {
			isa = PBXFrameworksBuildPhase;
			buildActionMask = 2147483647;
			files = (
				D1BFBC03544CFACF7EDB3232 /* Pods_FIT5140_assignment1UITests.framework in Frameworks */,
			);
			runOnlyForDeploymentPostprocessing = 0;
		};
/* End PBXFrameworksBuildPhase section */

/* Begin PBXGroup section */
		36247DD082A0D4AADC8D5A16 /* Pods */ = {
			isa = PBXGroup;
			children = (
				F3FC9BB88199F7ECFF5E0D44 /* Pods-FIT5140-assignment1.debug.xcconfig */,
				51EEC69DEE5529CC0C950EE2 /* Pods-FIT5140-assignment1.release.xcconfig */,
				9F03B8CB6F1CBFB4ADAC56FF /* Pods-FIT5140-assignment1Tests.debug.xcconfig */,
				5CAD7416AE2DE7BC2AD6D7A7 /* Pods-FIT5140-assignment1Tests.release.xcconfig */,
				02F972432E7C9A4960848A26 /* Pods-FIT5140-assignment1UITests.debug.xcconfig */,
				93675920A01FED1BEF6753CF /* Pods-FIT5140-assignment1UITests.release.xcconfig */,
			);
			name = Pods;
			sourceTree = "<group>";
		};
		5963ED4D211D901B0050A6F9 = {
			isa = PBXGroup;
			children = (
				5963EDA621380DAE0050A6F9 /* Animal+CoreDataClass.swift */,
				5963EDA721380DAE0050A6F9 /* Animal+CoreDataProperties.swift */,
				5963ED58211D901B0050A6F9 /* FIT5140-assignment1 */,
				5963ED70211D90200050A6F9 /* FIT5140-assignment1Tests */,
				5963ED7B211D90200050A6F9 /* FIT5140-assignment1UITests */,
				5963ED57211D901B0050A6F9 /* Products */,
				5963ED97212FA8D30050A6F9 /* Frameworks */,
				36247DD082A0D4AADC8D5A16 /* Pods */,
			);
			sourceTree = "<group>";
		};
		5963ED57211D901B0050A6F9 /* Products */ = {
			isa = PBXGroup;
			children = (
				5963ED56211D901B0050A6F9 /* FIT5140-assignment1.app */,
				5963ED6D211D90200050A6F9 /* FIT5140-assignment1Tests.xctest */,
				5963ED78211D90200050A6F9 /* FIT5140-assignment1UITests.xctest */,
			);
			name = Products;
			sourceTree = "<group>";
		};
		5963ED58211D901B0050A6F9 /* FIT5140-assignment1 */ = {
			isa = PBXGroup;
			children = (
				5963ED59211D901B0050A6F9 /* AppDelegate.swift */,
				5963ED5B211D901B0050A6F9 /* ViewController.swift */,
				5963ED5D211D901B0050A6F9 /* Main.storyboard */,
				5963ED9E212FF4B30050A6F9 /* LocationListController.swift */,
				5963EDA0212FF4F00050A6F9 /* NewLocationController.swift */,
				5963EDA2212FF5290050A6F9 /* MapViewController.swift */,
				5963EDA4212FF58A0050A6F9 /* FencedAnnotation.swift */,
				5963ED63211D90200050A6F9 /* Assets.xcassets */,
				5963ED65211D90200050A6F9 /* LaunchScreen.storyboard */,
				5963ED68211D90200050A6F9 /* Info.plist */,
				5963ED60211D901B0050A6F9 /* FIT5140_assignment1.xcdatamodeld */,
			);
			path = "FIT5140-assignment1";
			sourceTree = "<group>";
		};
		5963ED70211D90200050A6F9 /* FIT5140-assignment1Tests */ = {
			isa = PBXGroup;
			children = (
				5963ED71211D90200050A6F9 /* FIT5140_assignment1Tests.swift */,
				5963ED73211D90200050A6F9 /* Info.plist */,
			);
			path = "FIT5140-assignment1Tests";
			sourceTree = "<group>";
		};
		5963ED7B211D90200050A6F9 /* FIT5140-assignment1UITests */ = {
			isa = PBXGroup;
			children = (
				5963ED7C211D90200050A6F9 /* FIT5140_assignment1UITests.swift */,
				5963ED7E211D90200050A6F9 /* Info.plist */,
			);
			path = "FIT5140-assignment1UITests";
			sourceTree = "<group>";
		};
		5963ED97212FA8D30050A6F9 /* Frameworks */ = {
			isa = PBXGroup;
			children = (
				5963ED98212FA8D40050A6F9 /* CoreData.framework */,
				2C067F52E23493DBFBBE3FE2 /* Pods_FIT5140_assignment1.framework */,
				CA8B535E5EAACDAE4B6626DA /* Pods_FIT5140_assignment1Tests.framework */,
				2336CCC7A6EA5925CA287B60 /* Pods_FIT5140_assignment1UITests.framework */,
			);
			name = Frameworks;
			sourceTree = "<group>";
		};
/* End PBXGroup section */

/* Begin PBXNativeTarget section */
		5963ED55211D901B0050A6F9 /* FIT5140-assignment1 */ = {
			isa = PBXNativeTarget;
			buildConfigurationList = 5963ED81211D90200050A6F9 /* Build configuration list for PBXNativeTarget "FIT5140-assignment1" */;
			buildPhases = (
				69624E864BA4F48CBFE23820 /* [CP] Check Pods Manifest.lock */,
				5963ED52211D901B0050A6F9 /* Sources */,
				5963ED53211D901B0050A6F9 /* Frameworks */,
				5963ED54211D901B0050A6F9 /* Resources */,
				3BD326D4541B098B98F3B22F /* [CP] Embed Pods Frameworks */,
			);
			buildRules = (
			);
			dependencies = (
			);
			name = "FIT5140-assignment1";
			productName = "FIT5140-assignment1";
			productReference = 5963ED56211D901B0050A6F9 /* FIT5140-assignment1.app */;
			productType = "com.apple.product-type.application";
		};
		5963ED6C211D90200050A6F9 /* FIT5140-assignment1Tests */ = {
			isa = PBXNativeTarget;
			buildConfigurationList = 5963ED84211D90200050A6F9 /* Build configuration list for PBXNativeTarget "FIT5140-assignment1Tests" */;
			buildPhases = (
				1FA20070B3AD989E3F69E189 /* [CP] Check Pods Manifest.lock */,
				5963ED69211D90200050A6F9 /* Sources */,
				5963ED6A211D90200050A6F9 /* Frameworks */,
				5963ED6B211D90200050A6F9 /* Resources */,
			);
			buildRules = (
			);
			dependencies = (
				5963ED6F211D90200050A6F9 /* PBXTargetDependency */,
			);
			name = "FIT5140-assignment1Tests";
			productName = "FIT5140-assignment1Tests";
			productReference = 5963ED6D211D90200050A6F9 /* FIT5140-assignment1Tests.xctest */;
			productType = "com.apple.product-type.bundle.unit-test";
		};
		5963ED77211D90200050A6F9 /* FIT5140-assignment1UITests */ = {
			isa = PBXNativeTarget;
			buildConfigurationList = 5963ED87211D90200050A6F9 /* Build configuration list for PBXNativeTarget "FIT5140-assignment1UITests" */;
			buildPhases = (
				7627A282AE7472C9712550B0 /* [CP] Check Pods Manifest.lock */,
				5963ED74211D90200050A6F9 /* Sources */,
				5963ED75211D90200050A6F9 /* Frameworks */,
				5963ED76211D90200050A6F9 /* Resources */,
			);
			buildRules = (
			);
			dependencies = (
				5963ED7A211D90200050A6F9 /* PBXTargetDependency */,
			);
			name = "FIT5140-assignment1UITests";
			productName = "FIT5140-assignment1UITests";
			productReference = 5963ED78211D90200050A6F9 /* FIT5140-assignment1UITests.xctest */;
			productType = "com.apple.product-type.bundle.ui-testing";
		};
/* End PBXNativeTarget section */

/* Begin PBXProject section */
		5963ED4E211D901B0050A6F9 /* Project object */ = {
			isa = PBXProject;
			attributes = {
				LastSwiftUpdateCheck = 0940;
				LastUpgradeCheck = 0940;
				ORGANIZATIONNAME = jimmy;
				TargetAttributes = {
					5963ED55211D901B0050A6F9 = {
						CreatedOnToolsVersion = 9.4.1;
					};
					5963ED6C211D90200050A6F9 = {
						CreatedOnToolsVersion = 9.4.1;
						TestTargetID = 5963ED55211D901B0050A6F9;
					};
					5963ED77211D90200050A6F9 = {
						CreatedOnToolsVersion = 9.4.1;
						TestTargetID = 5963ED55211D901B0050A6F9;
					};
				};
			};
			buildConfigurationList = 5963ED51211D901B0050A6F9 /* Build configuration list for PBXProject "FIT5140-assignment1" */;
			compatibilityVersion = "Xcode 9.3";
			developmentRegion = en;
			hasScannedForEncodings = 0;
			knownRegions = (
				en,
				Base,
			);
			mainGroup = 5963ED4D211D901B0050A6F9;
			productRefGroup = 5963ED57211D901B0050A6F9 /* Products */;
			projectDirPath = "";
			projectRoot = "";
			targets = (
				5963ED55211D901B0050A6F9 /* FIT5140-assignment1 */,
				5963ED6C211D90200050A6F9 /* FIT5140-assignment1Tests */,
				5963ED77211D90200050A6F9 /* FIT5140-assignment1UITests */,
			);
		};
/* End PBXProject section */

/* Begin PBXResourcesBuildPhase section */
		5963ED54211D901B0050A6F9 /* Resources */ = {
			isa = PBXResourcesBuildPhase;
			buildActionMask = 2147483647;
			files = (
				5963ED67211D90200050A6F9 /* LaunchScreen.storyboard in Resources */,
				5963ED64211D90200050A6F9 /* Assets.xcassets in Resources */,
				5963ED5F211D901B0050A6F9 /* Main.storyboard in Resources */,
			);
			runOnlyForDeploymentPostprocessing = 0;
		};
		5963ED6B211D90200050A6F9 /* Resources */ = {
			isa = PBXResourcesBuildPhase;
			buildActionMask = 2147483647;
			files = (
			);
			runOnlyForDeploymentPostprocessing = 0;
		};
		5963ED76211D90200050A6F9 /* Resources */ = {
			isa = PBXResourcesBuildPhase;
			buildActionMask = 2147483647;
			files = (
			);
			runOnlyForDeploymentPostprocessing = 0;
		};
/* End PBXResourcesBuildPhase section */

/* Begin PBXShellScriptBuildPhase section */
		1FA20070B3AD989E3F69E189 /* [CP] Check Pods Manifest.lock */ = {
			isa = PBXShellScriptBuildPhase;
			buildActionMask = 2147483647;
			files = (
			);
			inputFileListPaths = (
			);
			inputPaths = (
				"${PODS_PODFILE_DIR_PATH}/Podfile.lock",
				"${PODS_ROOT}/Manifest.lock",
			);
			name = "[CP] Check Pods Manifest.lock";
			outputFileListPaths = (
			);
			outputPaths = (
				"$(DERIVED_FILE_DIR)/Pods-FIT5140-assignment1Tests-checkManifestLockResult.txt",
			);
			runOnlyForDeploymentPostprocessing = 0;
			shellPath = /bin/sh;
			shellScript = "diff \"${PODS_PODFILE_DIR_PATH}/Podfile.lock\" \"${PODS_ROOT}/Manifest.lock\" > /dev/null\nif [ $? != 0 ] ; then\n    # print error to STDERR\n    echo \"error: The sandbox is not in sync with the Podfile.lock. Run 'pod install' or update your CocoaPods installation.\" >&2\n    exit 1\nfi\n# This output is used by Xcode 'outputs' to avoid re-running this script phase.\necho \"SUCCESS\" > \"${SCRIPT_OUTPUT_FILE_0}\"\n";
			showEnvVarsInLog = 0;
		};
		3BD326D4541B098B98F3B22F /* [CP] Embed Pods Frameworks */ = {
			isa = PBXShellScriptBuildPhase;
			buildActionMask = 2147483647;
			files = (
			);
			inputFileListPaths = (
			);
			inputPaths = (
				"${SRCROOT}/Pods/Target Support Files/Pods-FIT5140-assignment1/Pods-FIT5140-assignment1-frameworks.sh",
				"${BUILT_PRODUCTS_DIR}/ImagePicker/ImagePicker.framework",
			);
			name = "[CP] Embed Pods Frameworks";
			outputFileListPaths = (
			);
			outputPaths = (
				"${TARGET_BUILD_DIR}/${FRAMEWORKS_FOLDER_PATH}/ImagePicker.framework",
			);
			runOnlyForDeploymentPostprocessing = 0;
			shellPath = /bin/sh;
			shellScript = "\"${SRCROOT}/Pods/Target Support Files/Pods-FIT5140-assignment1/Pods-FIT5140-assignment1-frameworks.sh\"\n";
			showEnvVarsInLog = 0;
		};
		69624E864BA4F48CBFE23820 /* [CP] Check Pods Manifest.lock */ = {
			isa = PBXShellScriptBuildPhase;
			buildActionMask = 2147483647;
			files = (
			);
			inputFileListPaths = (
			);
			inputPaths = (
				"${PODS_PODFILE_DIR_PATH}/Podfile.lock",
				"${PODS_ROOT}/Manifest.lock",
			);
			name = "[CP] Check Pods Manifest.lock";
			outputFileListPaths = (
			);
			outputPaths = (
				"$(DERIVED_FILE_DIR)/Pods-FIT5140-assignment1-checkManifestLockResult.txt",
			);
			runOnlyForDeploymentPostprocessing = 0;
			shellPath = /bin/sh;
			shellScript = "diff \"${PODS_PODFILE_DIR_PATH}/Podfile.lock\" \"${PODS_ROOT}/Manifest.lock\" > /dev/null\nif [ $? != 0 ] ; then\n    # print error to STDERR\n    echo \"error: The sandbox is not in sync with the Podfile.lock. Run 'pod install' or update your CocoaPods installation.\" >&2\n    exit 1\nfi\n# This output is used by Xcode 'outputs' to avoid re-running this script phase.\necho \"SUCCESS\" > \"${SCRIPT_OUTPUT_FILE_0}\"\n";
			showEnvVarsInLog = 0;
		};
		7627A282AE7472C9712550B0 /* [CP] Check Pods Manifest.lock */ = {
			isa = PBXShellScriptBuildPhase;
			buildActionMask = 2147483647;
			files = (
			);
			inputFileListPaths = (
			);
			inputPaths = (
				"${PODS_PODFILE_DIR_PATH}/Podfile.lock",
				"${PODS_ROOT}/Manifest.lock",
			);
			name = "[CP] Check Pods Manifest.lock";
			outputFileListPaths = (
			);
			outputPaths = (
				"$(DERIVED_FILE_DIR)/Pods-FIT5140-assignment1UITests-checkManifestLockResult.txt",
			);
			runOnlyForDeploymentPostprocessing = 0;
			shellPath = /bin/sh;
			shellScript = "diff \"${PODS_PODFILE_DIR_PATH}/Podfile.lock\" \"${PODS_ROOT}/Manifest.lock\" > /dev/null\nif [ $? != 0 ] ; then\n    # print error to STDERR\n    echo \"error: The sandbox is not in sync with the Podfile.lock. Run 'pod install' or update your CocoaPods installation.\" >&2\n    exit 1\nfi\n# This output is used by Xcode 'outputs' to avoid re-running this script phase.\necho \"SUCCESS\" > \"${SCRIPT_OUTPUT_FILE_0}\"\n";
			showEnvVarsInLog = 0;
		};
/* End PBXShellScriptBuildPhase section */

/* Begin PBXSourcesBuildPhase section */
		5963ED52211D901B0050A6F9 /* Sources */ = {
			isa = PBXSourcesBuildPhase;
			buildActionMask = 2147483647;
			files = (
				5963EDA921380DAE0050A6F9 /* Animal+CoreDataProperties.swift in Sources */,
				5963ED5C211D901B0050A6F9 /* ViewController.swift in Sources */,
				5963ED62211D901B0050A6F9 /* FIT5140_assignment1.xcdatamodeld in Sources */,
				5963ED9F212FF4B30050A6F9 /* LocationListController.swift in Sources */,
				5963EDA821380DAE0050A6F9 /* Animal+CoreDataClass.swift in Sources */,
				5963EDA1212FF4F00050A6F9 /* NewLocationController.swift in Sources */,
				5963ED5A211D901B0050A6F9 /* AppDelegate.swift in Sources */,
				5963EDA5212FF58A0050A6F9 /* FencedAnnotation.swift in Sources */,
				5963EDA3212FF5290050A6F9 /* MapViewController.swift in Sources */,
			);
			runOnlyForDeploymentPostprocessing = 0;
		};
		5963ED69211D90200050A6F9 /* Sources */ = {
			isa = PBXSourcesBuildPhase;
			buildActionMask = 2147483647;
			files = (
				5963ED72211D90200050A6F9 /* FIT5140_assignment1Tests.swift in Sources */,
			);
			runOnlyForDeploymentPostprocessing = 0;
		};
		5963ED74211D90200050A6F9 /* Sources */ = {
			isa = PBXSourcesBuildPhase;
			buildActionMask = 2147483647;
			files = (
				5963ED7D211D90200050A6F9 /* FIT5140_assignment1UITests.swift in Sources */,
			);
			runOnlyForDeploymentPostprocessing = 0;
		};
/* End PBXSourcesBuildPhase section */

/* Begin PBXTargetDependency section */
		5963ED6F211D90200050A6F9 /* PBXTargetDependency */ = {
			isa = PBXTargetDependency;
			target = 5963ED55211D901B0050A6F9 /* FIT5140-assignment1 */;
			targetProxy = 5963ED6E211D90200050A6F9 /* PBXContainerItemProxy */;
		};
		5963ED7A211D90200050A6F9 /* PBXTargetDependency */ = {
			isa = PBXTargetDependency;
			target = 5963ED55211D901B0050A6F9 /* FIT5140-assignment1 */;
			targetProxy = 5963ED79211D90200050A6F9 /* PBXContainerItemProxy */;
		};
/* End PBXTargetDependency section */

/* Begin PBXVariantGroup section */
		5963ED5D211D901B0050A6F9 /* Main.storyboard */ = {
			isa = PBXVariantGroup;
			children = (
				5963ED5E211D901B0050A6F9 /* Base */,
			);
			name = Main.storyboard;
			sourceTree = "<group>";
		};
		5963ED65211D90200050A6F9 /* LaunchScreen.storyboard */ = {
			isa = PBXVariantGroup;
			children = (
				5963ED66211D90200050A6F9 /* Base */,
			);
			name = LaunchScreen.storyboard;
			sourceTree = "<group>";
		};
/* End PBXVariantGroup section */

/* Begin XCBuildConfiguration section */
		5963ED7F211D90200050A6F9 /* Debug */ = {
			isa = XCBuildConfiguration;
			buildSettings = {
				ALWAYS_SEARCH_USER_PATHS = NO;
				CLANG_ANALYZER_NONNULL = YES;
				CLANG_ANALYZER_NUMBER_OBJECT_CONVERSION = YES_AGGRESSIVE;
				CLANG_CXX_LANGUAGE_STANDARD = "gnu++14";
				CLANG_CXX_LIBRARY = "libc++";
				CLANG_ENABLE_MODULES = YES;
				CLANG_ENABLE_OBJC_ARC = YES;
				CLANG_ENABLE_OBJC_WEAK = YES;
				CLANG_WARN_BLOCK_CAPTURE_AUTORELEASING = YES;
				CLANG_WARN_BOOL_CONVERSION = YES;
				CLANG_WARN_COMMA = YES;
				CLANG_WARN_CONSTANT_CONVERSION = YES;
				CLANG_WARN_DEPRECATED_OBJC_IMPLEMENTATIONS = YES;
				CLANG_WARN_DIRECT_OBJC_ISA_USAGE = YES_ERROR;
				CLANG_WARN_DOCUMENTATION_COMMENTS = YES;
				CLANG_WARN_EMPTY_BODY = YES;
				CLANG_WARN_ENUM_CONVERSION = YES;
				CLANG_WARN_INFINITE_RECURSION = YES;
				CLANG_WARN_INT_CONVERSION = YES;
				CLANG_WARN_NON_LITERAL_NULL_CONVERSION = YES;
				CLANG_WARN_OBJC_IMPLICIT_RETAIN_SELF = YES;
				CLANG_WARN_OBJC_LITERAL_CONVERSION = YES;
				CLANG_WARN_OBJC_ROOT_CLASS = YES_ERROR;
				CLANG_WARN_RANGE_LOOP_ANALYSIS = YES;
				CLANG_WARN_STRICT_PROTOTYPES = YES;
				CLANG_WARN_SUSPICIOUS_MOVE = YES;
				CLANG_WARN_UNGUARDED_AVAILABILITY = YES_AGGRESSIVE;
				CLANG_WARN_UNREACHABLE_CODE = YES;
				CLANG_WARN__DUPLICATE_METHOD_MATCH = YES;
				CODE_SIGN_IDENTITY = "iPhone Developer";
				COPY_PHASE_STRIP = NO;
				DEBUG_INFORMATION_FORMAT = dwarf;
				ENABLE_STRICT_OBJC_MSGSEND = YES;
				ENABLE_TESTABILITY = YES;
				GCC_C_LANGUAGE_STANDARD = gnu11;
				GCC_DYNAMIC_NO_PIC = NO;
				GCC_NO_COMMON_BLOCKS = YES;
				GCC_OPTIMIZATION_LEVEL = 0;
				GCC_PREPROCESSOR_DEFINITIONS = (
					"DEBUG=1",
					"$(inherited)",
				);
				GCC_WARN_64_TO_32_BIT_CONVERSION = YES;
				GCC_WARN_ABOUT_RETURN_TYPE = YES_ERROR;
				GCC_WARN_UNDECLARED_SELECTOR = YES;
				GCC_WARN_UNINITIALIZED_AUTOS = YES_AGGRESSIVE;
				GCC_WARN_UNUSED_FUNCTION = YES;
				GCC_WARN_UNUSED_VARIABLE = YES;
				IPHONEOS_DEPLOYMENT_TARGET = 11.4;
				MTL_ENABLE_DEBUG_INFO = YES;
				ONLY_ACTIVE_ARCH = YES;
				SDKROOT = iphoneos;
				SWIFT_ACTIVE_COMPILATION_CONDITIONS = DEBUG;
				SWIFT_OPTIMIZATION_LEVEL = "-Onone";
			};
			name = Debug;
		};
		5963ED80211D90200050A6F9 /* Release */ = {
			isa = XCBuildConfiguration;
			buildSettings = {
				ALWAYS_SEARCH_USER_PATHS = NO;
				CLANG_ANALYZER_NONNULL = YES;
				CLANG_ANALYZER_NUMBER_OBJECT_CONVERSION = YES_AGGRESSIVE;
				CLANG_CXX_LANGUAGE_STANDARD = "gnu++14";
				CLANG_CXX_LIBRARY = "libc++";
				CLANG_ENABLE_MODULES = YES;
				CLANG_ENABLE_OBJC_ARC = YES;
				CLANG_ENABLE_OBJC_WEAK = YES;
				CLANG_WARN_BLOCK_CAPTURE_AUTORELEASING = YES;
				CLANG_WARN_BOOL_CONVERSION = YES;
				CLANG_WARN_COMMA = YES;
				CLANG_WARN_CONSTANT_CONVERSION = YES;
				CLANG_WARN_DEPRECATED_OBJC_IMPLEMENTATIONS = YES;
				CLANG_WARN_DIRECT_OBJC_ISA_USAGE = YES_ERROR;
				CLANG_WARN_DOCUMENTATION_COMMENTS = YES;
				CLANG_WARN_EMPTY_BODY = YES;
				CLANG_WARN_ENUM_CONVERSION = YES;
				CLANG_WARN_INFINITE_RECURSION = YES;
				CLANG_WARN_INT_CONVERSION = YES;
				CLANG_WARN_NON_LITERAL_NULL_CONVERSION = YES;
				CLANG_WARN_OBJC_IMPLICIT_RETAIN_SELF = YES;
				CLANG_WARN_OBJC_LITERAL_CONVERSION = YES;
				CLANG_WARN_OBJC_ROOT_CLASS = YES_ERROR;
				CLANG_WARN_RANGE_LOOP_ANALYSIS = YES;
				CLANG_WARN_STRICT_PROTOTYPES = YES;
				CLANG_WARN_SUSPICIOUS_MOVE = YES;
				CLANG_WARN_UNGUARDED_AVAILABILITY = YES_AGGRESSIVE;
				CLANG_WARN_UNREACHABLE_CODE = YES;
				CLANG_WARN__DUPLICATE_METHOD_MATCH = YES;
				CODE_SIGN_IDENTITY = "iPhone Developer";
				COPY_PHASE_STRIP = NO;
				DEBUG_INFORMATION_FORMAT = "dwarf-with-dsym";
				ENABLE_NS_ASSERTIONS = NO;
				ENABLE_STRICT_OBJC_MSGSEND = YES;
				GCC_C_LANGUAGE_STANDARD = gnu11;
				GCC_NO_COMMON_BLOCKS = YES;
				GCC_WARN_64_TO_32_BIT_CONVERSION = YES;
				GCC_WARN_ABOUT_RETURN_TYPE = YES_ERROR;
				GCC_WARN_UNDECLARED_SELECTOR = YES;
				GCC_WARN_UNINITIALIZED_AUTOS = YES_AGGRESSIVE;
				GCC_WARN_UNUSED_FUNCTION = YES;
				GCC_WARN_UNUSED_VARIABLE = YES;
				IPHONEOS_DEPLOYMENT_TARGET = 11.4;
				MTL_ENABLE_DEBUG_INFO = NO;
				SDKROOT = iphoneos;
				SWIFT_COMPILATION_MODE = wholemodule;
				SWIFT_OPTIMIZATION_LEVEL = "-O";
				VALIDATE_PRODUCT = YES;
			};
			name = Release;
		};
		5963ED82211D90200050A6F9 /* Debug */ = {
			isa = XCBuildConfiguration;
			baseConfigurationReference = F3FC9BB88199F7ECFF5E0D44 /* Pods-FIT5140-assignment1.debug.xcconfig */;
			buildSettings = {
				ASSETCATALOG_COMPILER_APPICON_NAME = AppIcon;
				CODE_SIGN_STYLE = Automatic;
				INFOPLIST_FILE = "FIT5140-assignment1/Info.plist";
				LD_RUNPATH_SEARCH_PATHS = (
					"$(inherited)",
					"@executable_path/Frameworks",
				);
				PRODUCT_BUNDLE_IDENTIFIER = "Monash.FIT5140-assignment1";
				PRODUCT_NAME = "$(TARGET_NAME)";
				SWIFT_VERSION = 4.0;
				TARGETED_DEVICE_FAMILY = "1,2";
			};
			name = Debug;
		};
		5963ED83211D90200050A6F9 /* Release */ = {
			isa = XCBuildConfiguration;
			baseConfigurationReference = 51EEC69DEE5529CC0C950EE2 /* Pods-FIT5140-assignment1.release.xcconfig */;
			buildSettings = {
				ASSETCATALOG_COMPILER_APPICON_NAME = AppIcon;
				CODE_SIGN_STYLE = Automatic;
				INFOPLIST_FILE = "FIT5140-assignment1/Info.plist";
				LD_RUNPATH_SEARCH_PATHS = (
					"$(inherited)",
					"@executable_path/Frameworks",
				);
				PRODUCT_BUNDLE_IDENTIFIER = "Monash.FIT5140-assignment1";
				PRODUCT_NAME = "$(TARGET_NAME)";
				SWIFT_VERSION = 4.0;
				TARGETED_DEVICE_FAMILY = "1,2";
			};
			name = Release;
		};
		5963ED85211D90200050A6F9 /* Debug */ = {
			isa = XCBuildConfiguration;
			baseConfigurationReference = 9F03B8CB6F1CBFB4ADAC56FF /* Pods-FIT5140-assignment1Tests.debug.xcconfig */;
			buildSettings = {
				ALWAYS_EMBED_SWIFT_STANDARD_LIBRARIES = YES;
				BUNDLE_LOADER = "$(TEST_HOST)";
				CODE_SIGN_STYLE = Automatic;
				INFOPLIST_FILE = "FIT5140-assignment1Tests/Info.plist";
				LD_RUNPATH_SEARCH_PATHS = (
					"$(inherited)",
					"@executable_path/Frameworks",
					"@loader_path/Frameworks",
				);
				PRODUCT_BUNDLE_IDENTIFIER = "Monash.FIT5140-assignment1Tests";
				PRODUCT_NAME = "$(TARGET_NAME)";
				SWIFT_VERSION = 4.0;
				TARGETED_DEVICE_FAMILY = "1,2";
				TEST_HOST = "$(BUILT_PRODUCTS_DIR)/FIT5140-assignment1.app/FIT5140-assignment1";
			};
			name = Debug;
		};
		5963ED86211D90200050A6F9 /* Release */ = {
			isa = XCBuildConfiguration;
			baseConfigurationReference = 5CAD7416AE2DE7BC2AD6D7A7 /* Pods-FIT5140-assignment1Tests.release.xcconfig */;
			buildSettings = {
				ALWAYS_EMBED_SWIFT_STANDARD_LIBRARIES = YES;
				BUNDLE_LOADER = "$(TEST_HOST)";
				CODE_SIGN_STYLE = Automatic;
				INFOPLIST_FILE = "FIT5140-assignment1Tests/Info.plist";
				LD_RUNPATH_SEARCH_PATHS = (
					"$(inherited)",
					"@executable_path/Frameworks",
					"@loader_path/Frameworks",
				);
				PRODUCT_BUNDLE_IDENTIFIER = "Monash.FIT5140-assignment1Tests";
				PRODUCT_NAME = "$(TARGET_NAME)";
				SWIFT_VERSION = 4.0;
				TARGETED_DEVICE_FAMILY = "1,2";
				TEST_HOST = "$(BUILT_PRODUCTS_DIR)/FIT5140-assignment1.app/FIT5140-assignment1";
			};
			name = Release;
		};
		5963ED88211D90200050A6F9 /* Debug */ = {
			isa = XCBuildConfiguration;
			baseConfigurationReference = 02F972432E7C9A4960848A26 /* Pods-FIT5140-assignment1UITests.debug.xcconfig */;
			buildSettings = {
				ALWAYS_EMBED_SWIFT_STANDARD_LIBRARIES = YES;
				CODE_SIGN_STYLE = Automatic;
				INFOPLIST_FILE = "FIT5140-assignment1UITests/Info.plist";
				LD_RUNPATH_SEARCH_PATHS = (
					"$(inherited)",
					"@executable_path/Frameworks",
					"@loader_path/Frameworks",
				);
				PRODUCT_BUNDLE_IDENTIFIER = "Monash.FIT5140-assignment1UITests";
				PRODUCT_NAME = "$(TARGET_NAME)";
				SWIFT_VERSION = 4.0;
				TARGETED_DEVICE_FAMILY = "1,2";
				TEST_TARGET_NAME = "FIT5140-assignment1";
			};
			name = Debug;
		};
		5963ED89211D90200050A6F9 /* Release */ = {
			isa = XCBuildConfiguration;
			baseConfigurationReference = 93675920A01FED1BEF6753CF /* Pods-FIT5140-assignment1UITests.release.xcconfig */;
			buildSettings = {
				ALWAYS_EMBED_SWIFT_STANDARD_LIBRARIES = YES;
				CODE_SIGN_STYLE = Automatic;
				INFOPLIST_FILE = "FIT5140-assignment1UITests/Info.plist";
				LD_RUNPATH_SEARCH_PATHS = (
					"$(inherited)",
					"@executable_path/Frameworks",
					"@loader_path/Frameworks",
				);
				PRODUCT_BUNDLE_IDENTIFIER = "Monash.FIT5140-assignment1UITests";
				PRODUCT_NAME = "$(TARGET_NAME)";
				SWIFT_VERSION = 4.0;
				TARGETED_DEVICE_FAMILY = "1,2";
				TEST_TARGET_NAME = "FIT5140-assignment1";
			};
			name = Release;
		};
/* End XCBuildConfiguration section */

/* Begin XCConfigurationList section */
		5963ED51211D901B0050A6F9 /* Build configuration list for PBXProject "FIT5140-assignment1" */ = {
			isa = XCConfigurationList;
			buildConfigurations = (
				5963ED7F211D90200050A6F9 /* Debug */,
				5963ED80211D90200050A6F9 /* Release */,
			);
			defaultConfigurationIsVisible = 0;
			defaultConfigurationName = Release;
		};
		5963ED81211D90200050A6F9 /* Build configuration list for PBXNativeTarget "FIT5140-assignment1" */ = {
			isa = XCConfigurationList;
			buildConfigurations = (
				5963ED82211D90200050A6F9 /* Debug */,
				5963ED83211D90200050A6F9 /* Release */,
			);
			defaultConfigurationIsVisible = 0;
			defaultConfigurationName = Release;
		};
		5963ED84211D90200050A6F9 /* Build configuration list for PBXNativeTarget "FIT5140-assignment1Tests" */ = {
			isa = XCConfigurationList;
			buildConfigurations = (
				5963ED85211D90200050A6F9 /* Debug */,
				5963ED86211D90200050A6F9 /* Release */,
			);
			defaultConfigurationIsVisible = 0;
			defaultConfigurationName = Release;
		};
		5963ED87211D90200050A6F9 /* Build configuration list for PBXNativeTarget "FIT5140-assignment1UITests" */ = {
			isa = XCConfigurationList;
			buildConfigurations = (
				5963ED88211D90200050A6F9 /* Debug */,
				5963ED89211D90200050A6F9 /* Release */,
			);
			defaultConfigurationIsVisible = 0;
			defaultConfigurationName = Release;
		};
/* End XCConfigurationList section */

/* Begin XCVersionGroup section */
		5963ED60211D901B0050A6F9 /* FIT5140_assignment1.xcdatamodeld */ = {
			isa = XCVersionGroup;
			children = (
				5963ED61211D901B0050A6F9 /* FIT5140_assignment1.xcdatamodel */,
			);
			currentVersion = 5963ED61211D901B0050A6F9 /* FIT5140_assignment1.xcdatamodel */;
			path = FIT5140_assignment1.xcdatamodeld;
			sourceTree = "<group>";
			versionGroupType = wrapper.xcdatamodel;
		};
/* End XCVersionGroup section */
	};
	rootObject = 5963ED4E211D901B0050A6F9 /* Project object */;
}
